
Microsoft Visual Studio Solution File, Format Version 12.00
# Visual Studio Version 17
VisualStudioVersion = 17.13.35828.75 d17.13
MinimumVisualStudioVersion = 10.0.40219.1
Project("{FAE04EC0-301F-11D3-BF4B-00C04F79EFBC}") = "TeltonikaFirmwareUpdateManager", "TeltonikaFirmwareUpdateManager\TeltonikaFirmwareUpdateManager.csproj", "{AA30DB9F-9784-40C1-BEB3-3136EA078D6B}"
EndProject
Global
	GlobalSection(SolutionConfigurationPlatforms) = preSolution
		Debug|Any CPU = Debug|Any CPU
		Release|Any CPU = Release|Any CPU
	EndGlobalSection
	GlobalSection(ProjectConfigurationPlatforms) = postSolution
		{AA30DB9F-9784-40C1-BEB3-3136EA078D6B}.Debug|Any CPU.ActiveCfg = Debug|Any CPU
		{AA30DB9F-9784-40C1-BEB3-3136EA078D6B}.Debug|Any CPU.Build.0 = Debug|Any CPU
		{AA30DB9F-9784-40C1-BEB3-3136EA078D6B}.Release|Any CPU.ActiveCfg = Release|Any CPU
		{AA30DB9F-9784-40C1-BEB3-3136EA078D6B}.Release|Any CPU.Build.0 = Release|Any CPU
	EndGlobalSection
	GlobalSection(SolutionProperties) = preSolution
		HideSolutionNode = FALSE
	EndGlobalSection
	GlobalSection(ExtensibilityGlobals) = postSolution
		SolutionGuid = {8D7029EB-7B4C-43FC-8529-BFBAA7C6CD87}
	EndGlobalSection
EndGlobal
